# This file is automatically @generated by Cargo.
# It is not intended for manual editing.
version = 4

[[package]]
name = "compcol"
version = "0.6.11"
source = "registry+https://github.com/rust-lang/crates.io-index"
checksum = "f6f29da98742f258743e8bb44b09f0cc1cbca2591e709b1bb85ccd6e9111f431"

[[package]]
name = "rawusb"
version = "0.1.4"
source = "registry+https://github.com/rust-lang/crates.io-index"
checksum = "a233a3cdbd5f1d2f75be1879e5e09ef6abf4c246290fb167e084c5f0e47d0852"

[[package]]
name = "reticle"
version = "0.0.2"
dependencies = [
 "compcol",
 "rawusb",
]
