# This file is automatically @generated by Cargo.
# It is not intended for manual editing.
version = 4

[[package]]
name = "compcol"
version = "0.6.11"
source = "registry+https://github.com/rust-lang/crates.io-index"
checksum = "f6f29da98742f258743e8bb44b09f0cc1cbca2591e709b1bb85ccd6e9111f431"

[[package]]
name = "rawusb"
version = "0.1.7"
source = "registry+https://github.com/rust-lang/crates.io-index"
checksum = "36eb91f3d99648742b819d54b8bc33941ee5740ff1b3bb0e77903daa94b5dfba"

[[package]]
name = "reticle"
version = "0.0.5"
dependencies = [
 "compcol",
 "rawusb",
]
