# reticle.lock: the exact IP versions this project resolved to.
# Generated by Reticle. Edit reticle.proj and resolve again.
version 1

package cdc_sync 0.3.1 path ../../packages/cdc_sync
package uart_strict 2.0.0 path ../../packages/uart_strict

requires conflicted cdc_sync ^0.3.0
requires conflicted uart_strict ^2.0.0
