# reticle.lock: the exact IP versions this project resolved to.
# Generated by Reticle. Edit reticle.proj and resolve again.
version 1

package vendor_ddr 2.1.0 path ../../packages/vendor_ddr
package vendor_pll 1.0.0 path ../../packages/vendor_pll

requires encrypted_soc vendor_ddr ^2.0.0
requires encrypted_soc vendor_pll ^1.0.0
