# reticle.lock: the exact IP versions this project resolved to.
# Generated by Reticle. Edit reticle.proj and resolve again.
version 1

package clock_div 1.0.0 library ../../library/timing/divider
package pulse_edge 1.0.0 library ../../library/glue/edge

requires clock_div pulse_edge ^1.0.0
requires library_search clock_div ^1.0.0
