# reticle.lock: the exact IP versions this project resolved to.
# Generated by Reticle. Edit reticle.proj and resolve again.
version 1

package cdc_sync 0.3.1 path ../../packages/cdc_sync
package fifo_sync 1.0.4 path ../../packages/fifo_sync
package uart_lite 1.2.0 path ../../packages/uart_lite

requires blinky cdc_sync ^0.3.0
requires blinky fifo_sync ^1.0.0
requires blinky uart_lite ^1.2.0
requires fifo_sync cdc_sync ^0.3.0
requires uart_lite fifo_sync ^1.0.0
